// !$*UTF8*$!
{
	archiveVersion = 1;
	classes = {
	};
	objectVersion = 56;
	objects = {

/* Begin PBXBuildFile section */
		6D1715022A8C342500ADC502 /* AppDelegate.swift in Sources */ = {isa = PBXBuildFile; fileRef = 6D1715012A8C342500ADC502 /* AppDelegate.swift */; };
		6D1715042A8C342500ADC502 /* SceneDelegate.swift in Sources */ = {isa = PBXBuildFile; fileRef = 6D1715032A8C342500ADC502 /* SceneDelegate.swift */; };
		6D1715062A8C342500ADC502 /* ViewController.swift in Sources */ = {isa = PBXBuildFile; fileRef = 6D1715052A8C342500ADC502 /* ViewController.swift */; };
		6D17150B2A8C342700ADC502 /* Assets.xcassets in Resources */ = {isa = PBXBuildFile; fileRef = 6D17150A2A8C342700ADC502 /* Assets.xcassets */; };
		6D17150E2A8C342700ADC502 /* LaunchScreen.storyboard in Resources */ = {isa = PBXBuildFile; fileRef = 6D17150C2A8C342700ADC502 /* LaunchScreen.storyboard */; };
		6DE428182A9F68DB00617F75 /* APICaller.swift in Sources */ = {isa = PBXBuildFile; fileRef = 6DE428172A9F68DB00617F75 /* APICaller.swift */; };
		6DE4281A2A9F690100617F75 /* URLBuilder.swift in Sources */ = {isa = PBXBuildFile; fileRef = 6DE428192A9F690100617F75 /* URLBuilder.swift */; };
		6DE4281D2A9F6A2400617F75 /* APIConstants.swift in Sources */ = {isa = PBXBuildFile; fileRef = 6DE4281C2A9F6A2400617F75 /* APIConstants.swift */; };
		FDFA6009BC43DE535C066B87 /* Pods_CryptoTraceX.framework in Frameworks */ = {isa = PBXBuildFile; fileRef = 130159B620F879F734C6EBC9 /* Pods_CryptoTraceX.framework */; };
/* End PBXBuildFile section */

/* Begin PBXFileReference section */
		0422EDB50659A31CA89AA13C /* Pods-CryptoTraceX.debug.xcconfig */ = {isa = PBXFileReference; includeInIndex = 1; lastKnownFileType = text.xcconfig; name = "Pods-CryptoTraceX.debug.xcconfig"; path = "Target Support Files/Pods-CryptoTraceX/Pods-CryptoTraceX.debug.xcconfig"; sourceTree = "<group>"; };
		130159B620F879F734C6EBC9 /* Pods_CryptoTraceX.framework */ = {isa = PBXFileReference; explicitFileType = wrapper.framework; includeInIndex = 0; path = Pods_CryptoTraceX.framework; sourceTree = BUILT_PRODUCTS_DIR; };
		6D1714FE2A8C342500ADC502 /* CryptoTraceX.app */ = {isa = PBXFileReference; explicitFileType = wrapper.application; includeInIndex = 0; path = CryptoTraceX.app; sourceTree = BUILT_PRODUCTS_DIR; };
		6D1715012A8C342500ADC502 /* AppDelegate.swift */ = {isa = PBXFileReference; lastKnownFileType = sourcecode.swift; path = AppDelegate.swift; sourceTree = "<group>"; };
		6D1715032A8C342500ADC502 /* SceneDelegate.swift */ = {isa = PBXFileReference; lastKnownFileType = sourcecode.swift; path = SceneDelegate.swift; sourceTree = "<group>"; };
		6D1715052A8C342500ADC502 /* ViewController.swift */ = {isa = PBXFileReference; lastKnownFileType = sourcecode.swift; path = ViewController.swift; sourceTree = "<group>"; };
		6D17150A2A8C342700ADC502 /* Assets.xcassets */ = {isa = PBXFileReference; lastKnownFileType = folder.assetcatalog; path = Assets.xcassets; sourceTree = "<group>"; };
		6D17150D2A8C342700ADC502 /* Base */ = {isa = PBXFileReference; lastKnownFileType = file.storyboard; name = Base; path = Base.lproj/LaunchScreen.storyboard; sourceTree = "<group>"; };
		6DE428172A9F68DB00617F75 /* APICaller.swift */ = {isa = PBXFileReference; lastKnownFileType = sourcecode.swift; path = APICaller.swift; sourceTree = "<group>"; };
		6DE428192A9F690100617F75 /* URLBuilder.swift */ = {isa = PBXFileReference; lastKnownFileType = sourcecode.swift; path = URLBuilder.swift; sourceTree = "<group>"; };
		6DE4281C2A9F6A2400617F75 /* APIConstants.swift */ = {isa = PBXFileReference; lastKnownFileType = sourcecode.swift; path = APIConstants.swift; sourceTree = "<group>"; };
		6DE4282A2A9F96A900617F75 /* SceneDelegate.swift */ = {isa = PBXFileReference; lastKnownFileType = sourcecode.swift; path = SceneDelegate.swift; sourceTree = "<group>"; };
		6DE4282B2A9F96A900617F75 /* AppDelegate.swift */ = {isa = PBXFileReference; lastKnownFileType = sourcecode.swift; path = AppDelegate.swift; sourceTree = "<group>"; };
		6DE428322A9F97E300617F75 /* Info.plist */ = {isa = PBXFileReference; lastKnownFileType = text.plist.xml; path = Info.plist; sourceTree = "<group>"; };
		7FC9FB8AEB848AB7FCE5ABF0 /* Pods-CryptoTraceX.release.xcconfig */ = {isa = PBXFileReference; includeInIndex = 1; lastKnownFileType = text.xcconfig; name = "Pods-CryptoTraceX.release.xcconfig"; path = "Target Support Files/Pods-CryptoTraceX/Pods-CryptoTraceX.release.xcconfig"; sourceTree = "<group>"; };
/* End PBXFileReference section */

/* Begin PBXFrameworksBuildPhase section */
		6D1714FB2A8C342500ADC502 /* Frameworks */ = {
			isa = PBXFrameworksBuildPhase;
			buildActionMask = 2147483647;
			files = (
				FDFA6009BC43DE535C066B87 /* Pods_CryptoTraceX.framework in Frameworks */,
			);
			runOnlyForDeploymentPostprocessing = 0;
		};
/* End PBXFrameworksBuildPhase section */

/* Begin PBXGroup section */
		327271626592AC6D65B224FC /* Frameworks */ = {
			isa = PBXGroup;
			children = (
				130159B620F879F734C6EBC9 /* Pods_CryptoTraceX.framework */,
			);
			name = Frameworks;
			sourceTree = "<group>";
		};
		6D143D842A9951B500A159A0 /* Service */ = {
			isa = PBXGroup;
			children = (
				6DE428172A9F68DB00617F75 /* APICaller.swift */,
				6DE428192A9F690100617F75 /* URLBuilder.swift */,
			);
			path = Service;
			sourceTree = "<group>";
		};
		6D1714F52A8C342500ADC502 = {
			isa = PBXGroup;
			children = (
				6D1715002A8C342500ADC502 /* CryptoTraceX */,
				6DE428292A9F96A900617F75 /* SupportingFiles */,
				6D1714FF2A8C342500ADC502 /* Products */,
				C82DA52D81A7F2F9ED4A6F96 /* Pods */,
				327271626592AC6D65B224FC /* Frameworks */,
			);
			sourceTree = "<group>";
		};
		6D1714FF2A8C342500ADC502 /* Products */ = {
			isa = PBXGroup;
			children = (
				6D1714FE2A8C342500ADC502 /* CryptoTraceX.app */,
			);
			name = Products;
			sourceTree = "<group>";
		};
		6D1715002A8C342500ADC502 /* CryptoTraceX */ = {
			isa = PBXGroup;
			children = (
				6DE428282A9F968100617F75 /* SupportingFiles */,
				6DE4281B2A9F69DA00617F75 /* APIConstants */,
				6D143D842A9951B500A159A0 /* Service */,
				6D1715052A8C342500ADC502 /* ViewController.swift */,
				6D17150A2A8C342700ADC502 /* Assets.xcassets */,
				6D17150C2A8C342700ADC502 /* LaunchScreen.storyboard */,
				6DE428322A9F97E300617F75 /* Info.plist */,
			);
			path = CryptoTraceX;
			sourceTree = "<group>";
		};
		6DE4281B2A9F69DA00617F75 /* APIConstants */ = {
			isa = PBXGroup;
			children = (
				6DE4281C2A9F6A2400617F75 /* APIConstants.swift */,
			);
			path = APIConstants;
			sourceTree = "<group>";
		};
		6DE428282A9F968100617F75 /* SupportingFiles */ = {
			isa = PBXGroup;
			children = (
				6D1715012A8C342500ADC502 /* AppDelegate.swift */,
				6D1715032A8C342500ADC502 /* SceneDelegate.swift */,
			);
			path = SupportingFiles;
			sourceTree = "<group>";
		};
		6DE428292A9F96A900617F75 /* SupportingFiles */ = {
			isa = PBXGroup;
			children = (
				6DE4282B2A9F96A900617F75 /* AppDelegate.swift */,
				6DE4282A2A9F96A900617F75 /* SceneDelegate.swift */,
			);
			path = SupportingFiles;
			sourceTree = "<group>";
		};
		C82DA52D81A7F2F9ED4A6F96 /* Pods */ = {
			isa = PBXGroup;
			children = (
				0422EDB50659A31CA89AA13C /* Pods-CryptoTraceX.debug.xcconfig */,
				7FC9FB8AEB848AB7FCE5ABF0 /* Pods-CryptoTraceX.release.xcconfig */,
			);
			path = Pods;
			sourceTree = "<group>";
		};
/* End PBXGroup section */

/* Begin PBXNativeTarget section */
		6D1714FD2A8C342500ADC502 /* CryptoTraceX */ = {
			isa = PBXNativeTarget;
			buildConfigurationList = 6D1715122A8C342700ADC502 /* Build configuration list for PBXNativeTarget "CryptoTraceX" */;
			buildPhases = (
				0C99A5DE9D8713BEB3640E7C /* [CP] Check Pods Manifest.lock */,
				6D1714FA2A8C342500ADC502 /* Sources */,
				6D1714FB2A8C342500ADC502 /* Frameworks */,
				6D1714FC2A8C342500ADC502 /* Resources */,
				A4396B67C8905425A02ED2DE /* [CP] Embed Pods Frameworks */,
			);
			buildRules = (
			);
			dependencies = (
			);
			name = CryptoTraceX;
			productName = CryptoTraceX;
			productReference = 6D1714FE2A8C342500ADC502 /* CryptoTraceX.app */;
			productType = "com.apple.product-type.application";
		};
/* End PBXNativeTarget section */

/* Begin PBXProject section */
		6D1714F62A8C342500ADC502 /* Project object */ = {
			isa = PBXProject;
			attributes = {
				BuildIndependentTargetsInParallel = 1;
				LastSwiftUpdateCheck = 1430;
				LastUpgradeCheck = 1430;
				TargetAttributes = {
					6D1714FD2A8C342500ADC502 = {
						CreatedOnToolsVersion = 14.3.1;
					};
				};
			};
			buildConfigurationList = 6D1714F92A8C342500ADC502 /* Build configuration list for PBXProject "CryptoTraceX" */;
			compatibilityVersion = "Xcode 14.0";
			developmentRegion = en;
			hasScannedForEncodings = 0;
			knownRegions = (
				en,
				Base,
			);
			mainGroup = 6D1714F52A8C342500ADC502;
			productRefGroup = 6D1714FF2A8C342500ADC502 /* Products */;
			projectDirPath = "";
			projectRoot = "";
			targets = (
				6D1714FD2A8C342500ADC502 /* CryptoTraceX */,
			);
		};
/* End PBXProject section */

/* Begin PBXResourcesBuildPhase section */
		6D1714FC2A8C342500ADC502 /* Resources */ = {
			isa = PBXResourcesBuildPhase;
			buildActionMask = 2147483647;
			files = (
				6D17150E2A8C342700ADC502 /* LaunchScreen.storyboard in Resources */,
				6D17150B2A8C342700ADC502 /* Assets.xcassets in Resources */,
			);
			runOnlyForDeploymentPostprocessing = 0;
		};
/* End PBXResourcesBuildPhase section */

/* Begin PBXShellScriptBuildPhase section */
		0C99A5DE9D8713BEB3640E7C /* [CP] Check Pods Manifest.lock */ = {
			isa = PBXShellScriptBuildPhase;
			buildActionMask = 2147483647;
			files = (
			);
			inputFileListPaths = (
			);
			inputPaths = (
				"${PODS_PODFILE_DIR_PATH}/Podfile.lock",
				"${PODS_ROOT}/Manifest.lock",
			);
			name = "[CP] Check Pods Manifest.lock";
			outputFileListPaths = (
			);
			outputPaths = (
				"$(DERIVED_FILE_DIR)/Pods-CryptoTraceX-checkManifestLockResult.txt",
			);
			runOnlyForDeploymentPostprocessing = 0;
			shellPath = /bin/sh;
			shellScript = "diff \"${PODS_PODFILE_DIR_PATH}/Podfile.lock\" \"${PODS_ROOT}/Manifest.lock\" > /dev/null\nif [ $? != 0 ] ; then\n    # print error to STDERR\n    echo \"error: The sandbox is not in sync with the Podfile.lock. Run 'pod install' or update your CocoaPods installation.\" >&2\n    exit 1\nfi\n# This output is used by Xcode 'outputs' to avoid re-running this script phase.\necho \"SUCCESS\" > \"${SCRIPT_OUTPUT_FILE_0}\"\n";
			showEnvVarsInLog = 0;
		};
		A4396B67C8905425A02ED2DE /* [CP] Embed Pods Frameworks */ = {
			isa = PBXShellScriptBuildPhase;
			buildActionMask = 2147483647;
			files = (
			);
			inputFileListPaths = (
				"${PODS_ROOT}/Target Support Files/Pods-CryptoTraceX/Pods-CryptoTraceX-frameworks-${CONFIGURATION}-input-files.xcfilelist",
			);
			name = "[CP] Embed Pods Frameworks";
			outputFileListPaths = (
				"${PODS_ROOT}/Target Support Files/Pods-CryptoTraceX/Pods-CryptoTraceX-frameworks-${CONFIGURATION}-output-files.xcfilelist",
			);
			runOnlyForDeploymentPostprocessing = 0;
			shellPath = /bin/sh;
			shellScript = "\"${PODS_ROOT}/Target Support Files/Pods-CryptoTraceX/Pods-CryptoTraceX-frameworks.sh\"\n";
			showEnvVarsInLog = 0;
		};
/* End PBXShellScriptBuildPhase section */

/* Begin PBXSourcesBuildPhase section */
		6D1714FA2A8C342500ADC502 /* Sources */ = {
			isa = PBXSourcesBuildPhase;
			buildActionMask = 2147483647;
			files = (
				6DE4281A2A9F690100617F75 /* URLBuilder.swift in Sources */,
				6D1715062A8C342500ADC502 /* ViewController.swift in Sources */,
				6DE4281D2A9F6A2400617F75 /* APIConstants.swift in Sources */,
				6D1715022A8C342500ADC502 /* AppDelegate.swift in Sources */,
				6D1715042A8C342500ADC502 /* SceneDelegate.swift in Sources */,
				6DE428182A9F68DB00617F75 /* APICaller.swift in Sources */,
			);
			runOnlyForDeploymentPostprocessing = 0;
		};
/* End PBXSourcesBuildPhase section */

/* Begin PBXVariantGroup section */
		6D17150C2A8C342700ADC502 /* LaunchScreen.storyboard */ = {
			isa = PBXVariantGroup;
			children = (
				6D17150D2A8C342700ADC502 /* Base */,
			);
			name = LaunchScreen.storyboard;
			sourceTree = "<group>";
		};
/* End PBXVariantGroup section */

/* Begin XCBuildConfiguration section */
		6D1715102A8C342700ADC502 /* Debug */ = {
			isa = XCBuildConfiguration;
			buildSettings = {
				ALWAYS_SEARCH_USER_PATHS = NO;
				CLANG_ANALYZER_NONNULL = YES;
				CLANG_ANALYZER_NUMBER_OBJECT_CONVERSION = YES_AGGRESSIVE;
				CLANG_CXX_LANGUAGE_STANDARD = "gnu++20";
				CLANG_ENABLE_MODULES = YES;
				CLANG_ENABLE_OBJC_ARC = YES;
				CLANG_ENABLE_OBJC_WEAK = YES;
				CLANG_WARN_BLOCK_CAPTURE_AUTORELEASING = YES;
				CLANG_WARN_BOOL_CONVERSION = YES;
				CLANG_WARN_COMMA = YES;
				CLANG_WARN_CONSTANT_CONVERSION = YES;
				CLANG_WARN_DEPRECATED_OBJC_IMPLEMENTATIONS = YES;
				CLANG_WARN_DIRECT_OBJC_ISA_USAGE = YES_ERROR;
				CLANG_WARN_DOCUMENTATION_COMMENTS = YES;
				CLANG_WARN_EMPTY_BODY = YES;
				CLANG_WARN_ENUM_CONVERSION = YES;
				CLANG_WARN_INFINITE_RECURSION = YES;
				CLANG_WARN_INT_CONVERSION = YES;
				CLANG_WARN_NON_LITERAL_NULL_CONVERSION = YES;
				CLANG_WARN_OBJC_IMPLICIT_RETAIN_SELF = YES;
				CLANG_WARN_OBJC_LITERAL_CONVERSION = YES;
				CLANG_WARN_OBJC_ROOT_CLASS = YES_ERROR;
				CLANG_WARN_QUOTED_INCLUDE_IN_FRAMEWORK_HEADER = YES;
				CLANG_WARN_RANGE_LOOP_ANALYSIS = YES;
				CLANG_WARN_STRICT_PROTOTYPES = YES;
				CLANG_WARN_SUSPICIOUS_MOVE = YES;
				CLANG_WARN_UNGUARDED_AVAILABILITY = YES_AGGRESSIVE;
				CLANG_WARN_UNREACHABLE_CODE = YES;
				CLANG_WARN__DUPLICATE_METHOD_MATCH = YES;
				COPY_PHASE_STRIP = NO;
				DEBUG_INFORMATION_FORMAT = dwarf;
				ENABLE_STRICT_OBJC_MSGSEND = YES;
				ENABLE_TESTABILITY = YES;
				GCC_C_LANGUAGE_STANDARD = gnu11;
				GCC_DYNAMIC_NO_PIC = NO;
				GCC_NO_COMMON_BLOCKS = YES;
				GCC_OPTIMIZATION_LEVEL = 0;
				GCC_PREPROCESSOR_DEFINITIONS = (
					"DEBUG=1",
					"$(inherited)",
				);
				GCC_WARN_64_TO_32_BIT_CONVERSION = YES;
				GCC_WARN_ABOUT_RETURN_TYPE = YES_ERROR;
				GCC_WARN_UNDECLARED_SELECTOR = YES;
				GCC_WARN_UNINITIALIZED_AUTOS = YES_AGGRESSIVE;
				GCC_WARN_UNUSED_FUNCTION = YES;
				GCC_WARN_UNUSED_VARIABLE = YES;
				IPHONEOS_DEPLOYMENT_TARGET = 16.4;
				MTL_ENABLE_DEBUG_INFO = INCLUDE_SOURCE;
				MTL_FAST_MATH = YES;
				ONLY_ACTIVE_ARCH = YES;
				SDKROOT = iphoneos;
				SWIFT_ACTIVE_COMPILATION_CONDITIONS = DEBUG;
				SWIFT_OPTIMIZATION_LEVEL = "-Onone";
			};
			name = Debug;
		};
		6D1715112A8C342700ADC502 /* Release */ = {
			isa = XCBuildConfiguration;
			buildSettings = {
				ALWAYS_SEARCH_USER_PATHS = NO;
				CLANG_ANALYZER_NONNULL = YES;
				CLANG_ANALYZER_NUMBER_OBJECT_CONVERSION = YES_AGGRESSIVE;
				CLANG_CXX_LANGUAGE_STANDARD = "gnu++20";
				CLANG_ENABLE_MODULES = YES;
				CLANG_ENABLE_OBJC_ARC = YES;
				CLANG_ENABLE_OBJC_WEAK = YES;
				CLANG_WARN_BLOCK_CAPTURE_AUTORELEASING = YES;
				CLANG_WARN_BOOL_CONVERSION = YES;
				CLANG_WARN_COMMA = YES;
				CLANG_WARN_CONSTANT_CONVERSION = YES;
				CLANG_WARN_DEPRECATED_OBJC_IMPLEMENTATIONS = YES;
				CLANG_WARN_DIRECT_OBJC_ISA_USAGE = YES_ERROR;
				CLANG_WARN_DOCUMENTATION_COMMENTS = YES;
				CLANG_WARN_EMPTY_BODY = YES;
				CLANG_WARN_ENUM_CONVERSION = YES;
				CLANG_WARN_INFINITE_RECURSION = YES;
				CLANG_WARN_INT_CONVERSION = YES;
				CLANG_WARN_NON_LITERAL_NULL_CONVERSION = YES;
				CLANG_WARN_OBJC_IMPLICIT_RETAIN_SELF = YES;
				CLANG_WARN_OBJC_LITERAL_CONVERSION = YES;
				CLANG_WARN_OBJC_ROOT_CLASS = YES_ERROR;
				CLANG_WARN_QUOTED_INCLUDE_IN_FRAMEWORK_HEADER = YES;
				CLANG_WARN_RANGE_LOOP_ANALYSIS = YES;
				CLANG_WARN_STRICT_PROTOTYPES = YES;
				CLANG_WARN_SUSPICIOUS_MOVE = YES;
				CLANG_WARN_UNGUARDED_AVAILABILITY = YES_AGGRESSIVE;
				CLANG_WARN_UNREACHABLE_CODE = YES;
				CLANG_WARN__DUPLICATE_METHOD_MATCH = YES;
				COPY_PHASE_STRIP = NO;
				DEBUG_INFORMATION_FORMAT = "dwarf-with-dsym";
				ENABLE_NS_ASSERTIONS = NO;
				ENABLE_STRICT_OBJC_MSGSEND = YES;
				GCC_C_LANGUAGE_STANDARD = gnu11;
				GCC_NO_COMMON_BLOCKS = YES;
				GCC_WARN_64_TO_32_BIT_CONVERSION = YES;
				GCC_WARN_ABOUT_RETURN_TYPE = YES_ERROR;
				GCC_WARN_UNDECLARED_SELECTOR = YES;
				GCC_WARN_UNINITIALIZED_AUTOS = YES_AGGRESSIVE;
				GCC_WARN_UNUSED_FUNCTION = YES;
				GCC_WARN_UNUSED_VARIABLE = YES;
				IPHONEOS_DEPLOYMENT_TARGET = 16.4;
				MTL_ENABLE_DEBUG_INFO = NO;
				MTL_FAST_MATH = YES;
				SDKROOT = iphoneos;
				SWIFT_COMPILATION_MODE = wholemodule;
				SWIFT_OPTIMIZATION_LEVEL = "-O";
				VALIDATE_PRODUCT = YES;
			};
			name = Release;
		};
		6D1715132A8C342700ADC502 /* Debug */ = {
			isa = XCBuildConfiguration;
			baseConfigurationReference = 0422EDB50659A31CA89AA13C /* Pods-CryptoTraceX.debug.xcconfig */;
			buildSettings = {
				ASSETCATALOG_COMPILER_APPICON_NAME = AppIcon;
				ASSETCATALOG_COMPILER_GLOBAL_ACCENT_COLOR_NAME = AccentColor;
				CODE_SIGN_STYLE = Automatic;
				CURRENT_PROJECT_VERSION = 1;
				GENERATE_INFOPLIST_FILE = YES;
				INFOPLIST_FILE = CryptoTraceX/Info.plist;
				INFOPLIST_KEY_UIApplicationSupportsIndirectInputEvents = YES;
				INFOPLIST_KEY_UILaunchStoryboardName = LaunchScreen;
				INFOPLIST_KEY_UISupportedInterfaceOrientations_iPad = "UIInterfaceOrientationPortrait UIInterfaceOrientationPortraitUpsideDown UIInterfaceOrientationLandscapeLeft UIInterfaceOrientationLandscapeRight";
				INFOPLIST_KEY_UISupportedInterfaceOrientations_iPhone = "UIInterfaceOrientationPortrait UIInterfaceOrientationLandscapeLeft UIInterfaceOrientationLandscapeRight";
				IPHONEOS_DEPLOYMENT_TARGET = 15.0;
				LD_RUNPATH_SEARCH_PATHS = (
					"$(inherited)",
					"@executable_path/Frameworks",
				);
				MARKETING_VERSION = 1.0;
				PRODUCT_BUNDLE_IDENTIFIER = com.CryptoTraceX;
				PRODUCT_NAME = "$(TARGET_NAME)";
				SWIFT_EMIT_LOC_STRINGS = YES;
				SWIFT_VERSION = 5.0;
				TARGETED_DEVICE_FAMILY = "1,2";
			};
			name = Debug;
		};
		6D1715142A8C342700ADC502 /* Release */ = {
			isa = XCBuildConfiguration;
			baseConfigurationReference = 7FC9FB8AEB848AB7FCE5ABF0 /* Pods-CryptoTraceX.release.xcconfig */;
			buildSettings = {
				ASSETCATALOG_COMPILER_APPICON_NAME = AppIcon;
				ASSETCATALOG_COMPILER_GLOBAL_ACCENT_COLOR_NAME = AccentColor;
				CODE_SIGN_STYLE = Automatic;
				CURRENT_PROJECT_VERSION = 1;
				GENERATE_INFOPLIST_FILE = YES;
				INFOPLIST_FILE = CryptoTraceX/Info.plist;
				INFOPLIST_KEY_UIApplicationSupportsIndirectInputEvents = YES;
				INFOPLIST_KEY_UILaunchStoryboardName = LaunchScreen;
				INFOPLIST_KEY_UISupportedInterfaceOrientations_iPad = "UIInterfaceOrientationPortrait UIInterfaceOrientationPortraitUpsideDown UIInterfaceOrientationLandscapeLeft UIInterfaceOrientationLandscapeRight";
				INFOPLIST_KEY_UISupportedInterfaceOrientations_iPhone = "UIInterfaceOrientationPortrait UIInterfaceOrientationLandscapeLeft UIInterfaceOrientationLandscapeRight";
				IPHONEOS_DEPLOYMENT_TARGET = 15.0;
				LD_RUNPATH_SEARCH_PATHS = (
					"$(inherited)",
					"@executable_path/Frameworks",
				);
				MARKETING_VERSION = 1.0;
				PRODUCT_BUNDLE_IDENTIFIER = com.CryptoTraceX;
				PRODUCT_NAME = "$(TARGET_NAME)";
				SWIFT_EMIT_LOC_STRINGS = YES;
				SWIFT_VERSION = 5.0;
				TARGETED_DEVICE_FAMILY = "1,2";
			};
			name = Release;
		};
/* End XCBuildConfiguration section */

/* Begin XCConfigurationList section */
		6D1714F92A8C342500ADC502 /* Build configuration list for PBXProject "CryptoTraceX" */ = {
			isa = XCConfigurationList;
			buildConfigurations = (
				6D1715102A8C342700ADC502 /* Debug */,
				6D1715112A8C342700ADC502 /* Release */,
			);
			defaultConfigurationIsVisible = 0;
			defaultConfigurationName = Release;
		};
		6D1715122A8C342700ADC502 /* Build configuration list for PBXNativeTarget "CryptoTraceX" */ = {
			isa = XCConfigurationList;
			buildConfigurations = (
				6D1715132A8C342700ADC502 /* Debug */,
				6D1715142A8C342700ADC502 /* Release */,
			);
			defaultConfigurationIsVisible = 0;
			defaultConfigurationName = Release;
		};
/* End XCConfigurationList section */
	};
	rootObject = 6D1714F62A8C342500ADC502 /* Project object */;
}
